{
  "name": "exercise_6.2",
  "version": "1.0.0",
  "lockfileVersion": 3,
  "requires": true,
  "packages": {
    "": {
      "name": "exercise_6.2",
      "version": "1.0.0",
      "license": "ISC",
      "dependencies": {
        "csv-parse": "^5.5.4"
      }
    },
    "node_modules/csv-parse": {
      "version": "5.5.4",
      "resolved": "https://registry.npmjs.org/csv-parse/-/csv-parse-5.5.4.tgz",
      "integrity": "sha512-sPkvzL64UHoHZMj10z3r0RxwpjaY/vhM4vcAv+t+SDS6p9Joq8IFHe2TVUj4NDXy8l1Q7q8g/2ehtRTHmsU8ig=="
    }
  }
}
